{
    "_readme": [
        "This file locks the dependencies of your project to a known state",
        "Read more about it at https://getcomposer.org/doc/01-basic-usage.md#installing-dependencies",
        "This file is @generated automatically"
    ],
    "content-hash": "ef70f060a8f6c409a920aa1d79352a6e",
    "packages": [
        {
            "name": "components/jquery",
            "version": "v3.7.1",
            "source": {
                "type": "git",
                "url": "https://github.com/components/jquery.git",
                "reference": "8edc7785239bb8c2ad2b83302b856a1d61de60e7"
            },
            "dist": {
                "type": "zip",
                "url": "https://api.github.com/repos/components/jquery/zipball/8edc7785239bb8c2ad2b83302b856a1d61de60e7",
                "reference": "8edc7785239bb8c2ad2b83302b856a1d61de60e7",
                "shasum": ""
            },
            "type": "component",
            "extra": {
                "component": {
                    "scripts": [
                        "jquery.js"
                    ],
                    "files": [
                        "jquery.min.js",
                        "jquery.min.map",
                        "jquery.slim.js",
                        "jquery.slim.min.js",
                        "jquery.slim.min.map"
                    ]
                }
            },
            "notification-url": "https://packagist.org/downloads/",
            "license": [
                "MIT"
            ],
            "authors": [
                {
                    "name": "JS Foundation and other contributors"
                }
            ],
            "description": "jQuery JavaScript Library",
            "homepage": "http://jquery.com",
            "support": {
                "forum": "http://forum.jquery.com",
                "irc": "irc://irc.freenode.org/jquery",
                "issues": "https://github.com/jquery/jquery/issues",
                "source": "https://github.com/jquery/jquery",
                "wiki": "http://docs.jquery.com/"
            },
            "time": "2023-09-22T01:43:46+00:00"
        },
        {
            "name": "picocss/pico",
            "version": "v2.0.6",
            "source": {
                "type": "git",
                "url": "https://github.com/picocss/pico.git",
                "reference": "6dc6489e69cc1f22daa938ebd38c02400032428c"
            },
            "dist": {
                "type": "zip",
                "url": "https://api.github.com/repos/picocss/pico/zipball/6dc6489e69cc1f22daa938ebd38c02400032428c",
                "reference": "6dc6489e69cc1f22daa938ebd38c02400032428c",
                "shasum": ""
            },
            "type": "library",
            "notification-url": "https://packagist.org/downloads/",
            "license": [
                "MIT"
            ],
            "authors": [
                {
                    "name": "Lucas Larroche",
                    "email": "lucas@larroche.com",
                    "homepage": "https://lucaslarroche.com",
                    "role": "Developer"
                }
            ],
            "description": "Minimal CSS Framework for semantic HTML.",
            "homepage": "https://picocss.com",
            "keywords": [
                "CSS-Framework",
                "css",
                "dark-mode",
                "dark-theme",
                "lightweight",
                "minimal",
                "minimalist",
                "minimalistic",
                "native-html",
                "scss-framework",
                "semantic"
            ],
            "support": {
                "issues": "https://github.com/picocss/pico/issues/",
                "source": "https://github.com/picocss/pico/tree/v2.0.6"
            },
            "time": "2024-03-03T15:09:25+00:00"
        }
    ],
    "packages-dev": [],
    "aliases": [],
    "minimum-stability": "stable",
    "stability-flags": [],
    "prefer-stable": false,
    "prefer-lowest": false,
    "platform": [],
    "platform-dev": [],
    "plugin-api-version": "2.6.0"
}
